// !$*UTF8*$!
{
	archiveVersion = 1;
	classes = {
	};
	objectVersion = 46;
	objects = {

/* Begin PBXBuildFile section */
		000A261B1E6CC594004D53F2 /* AnyLibraryManager.swift in Sources */ = {isa = PBXBuildFile; fileRef = 000A261A1E6CC594004D53F2 /* AnyLibraryManager.swift */; };
		000A261D1E6CC8FF004D53F2 /* TSOperationError.swift in Sources */ = {isa = PBXBuildFile; fileRef = 000A261C1E6CC8FF004D53F2 /* TSOperationError.swift */; };
		000A261F1E6CC9BD004D53F2 /* Library.swift in Sources */ = {isa = PBXBuildFile; fileRef = 000A261E1E6CC9BD004D53F2 /* Library.swift */; };
		000A26241E6CD07F004D53F2 /* BookViewModel.swift in Sources */ = {isa = PBXBuildFile; fileRef = 000A26231E6CD07F004D53F2 /* BookViewModel.swift */; };
		000A26261E6CD190004D53F2 /* DummyLibraryManager.swift in Sources */ = {isa = PBXBuildFile; fileRef = 000A26251E6CD190004D53F2 /* DummyLibraryManager.swift */; };
		000A26281E6CD1AD004D53F2 /* LibraryBookViewModel.swift in Sources */ = {isa = PBXBuildFile; fileRef = 000A26271E6CD1AD004D53F2 /* LibraryBookViewModel.swift */; };
		000A262A1E6CE28C004D53F2 /* ProductionInjectionPreset.swift in Sources */ = {isa = PBXBuildFile; fileRef = 000A26291E6CE28C004D53F2 /* ProductionInjectionPreset.swift */; };
		000A262C1E6CE665004D53F2 /* SearchBooksViewModel.swift in Sources */ = {isa = PBXBuildFile; fileRef = 000A262B1E6CE665004D53F2 /* SearchBooksViewModel.swift */; };
		000A262E1E6CE7D0004D53F2 /* LibraryBooksViewModel.swift in Sources */ = {isa = PBXBuildFile; fileRef = 000A262D1E6CE7D0004D53F2 /* LibraryBooksViewModel.swift */; };
		000A26301E6D6DDD004D53F2 /* DummyBooksProvider.swift in Sources */ = {isa = PBXBuildFile; fileRef = 000A262F1E6D6DDD004D53F2 /* DummyBooksProvider.swift */; };
		000A26321E6D92EF004D53F2 /* BaseBooksViewController.swift in Sources */ = {isa = PBXBuildFile; fileRef = 000A26311E6D92EF004D53F2 /* BaseBooksViewController.swift */; };
		000A26361E6DC877004D53F2 /* SplashViewController.swift in Sources */ = {isa = PBXBuildFile; fileRef = 000A26351E6DC877004D53F2 /* SplashViewController.swift */; };
		000A26381E6DFA50004D53F2 /* UserDefaultsLibraryManager.swift in Sources */ = {isa = PBXBuildFile; fileRef = 000A26371E6DFA50004D53F2 /* UserDefaultsLibraryManager.swift */; };
		000A26451E6DFB43004D53F2 /* Archivable.swift in Sources */ = {isa = PBXBuildFile; fileRef = 000A263E1E6DFB43004D53F2 /* Archivable.swift */; };
		000A26461E6DFB43004D53F2 /* BaseStorage.swift in Sources */ = {isa = PBXBuildFile; fileRef = 000A263F1E6DFB43004D53F2 /* BaseStorage.swift */; };
		000A26471E6DFB43004D53F2 /* DictionaryStorageProvider.swift in Sources */ = {isa = PBXBuildFile; fileRef = 000A26401E6DFB43004D53F2 /* DictionaryStorageProvider.swift */; };
		000A26481E6DFB43004D53F2 /* Storage.swift in Sources */ = {isa = PBXBuildFile; fileRef = 000A26411E6DFB43004D53F2 /* Storage.swift */; };
		000A26491E6DFB43004D53F2 /* StorageProvider.swift in Sources */ = {isa = PBXBuildFile; fileRef = 000A26421E6DFB43004D53F2 /* StorageProvider.swift */; };
		000A264A1E6DFB43004D53F2 /* UbiquitousStorageProvider.swift in Sources */ = {isa = PBXBuildFile; fileRef = 000A26431E6DFB43004D53F2 /* UbiquitousStorageProvider.swift */; };
		000A264B1E6DFB43004D53F2 /* UserDefaultsStorageProvider.swift in Sources */ = {isa = PBXBuildFile; fileRef = 000A26441E6DFB43004D53F2 /* UserDefaultsStorageProvider.swift */; };
		000A264E1E6E0594004D53F2 /* GoogleBooksProvider.swift in Sources */ = {isa = PBXBuildFile; fileRef = 000A264D1E6E0594004D53F2 /* GoogleBooksProvider.swift */; };
		000A26581E6E0A63004D53F2 /* DataConverters.swift in Sources */ = {isa = PBXBuildFile; fileRef = 000A26501E6E0A63004D53F2 /* DataConverters.swift */; };
		000A26591E6E0A63004D53F2 /* MultipartRequest.swift in Sources */ = {isa = PBXBuildFile; fileRef = 000A26511E6E0A63004D53F2 /* MultipartRequest.swift */; };
		000A265A1E6E0A63004D53F2 /* Request.swift in Sources */ = {isa = PBXBuildFile; fileRef = 000A26521E6E0A63004D53F2 /* Request.swift */; };
		000A265B1E6E0A63004D53F2 /* RequestCall.swift in Sources */ = {isa = PBXBuildFile; fileRef = 000A26531E6E0A63004D53F2 /* RequestCall.swift */; };
		000A265C1E6E0A63004D53F2 /* RequestError.swift in Sources */ = {isa = PBXBuildFile; fileRef = 000A26541E6E0A63004D53F2 /* RequestError.swift */; };
		000A265D1E6E0A63004D53F2 /* RequestManager.swift in Sources */ = {isa = PBXBuildFile; fileRef = 000A26551E6E0A63004D53F2 /* RequestManager.swift */; };
		000A265E1E6E0A63004D53F2 /* Response.swift in Sources */ = {isa = PBXBuildFile; fileRef = 000A26561E6E0A63004D53F2 /* Response.swift */; };
		000A265F1E6E0A63004D53F2 /* ResponseResult.swift in Sources */ = {isa = PBXBuildFile; fileRef = 000A26571E6E0A63004D53F2 /* ResponseResult.swift */; };
		000A26621E6E0B00004D53F2 /* GoogleSearchBooksRequest.swift in Sources */ = {isa = PBXBuildFile; fileRef = 000A26611E6E0B00004D53F2 /* GoogleSearchBooksRequest.swift */; };
		000A26661E6E0BE4004D53F2 /* AlamofireRequestManager.swift in Sources */ = {isa = PBXBuildFile; fileRef = 000A26651E6E0BE4004D53F2 /* AlamofireRequestManager.swift */; };
		000A26681E6E0D38004D53F2 /* GoogleBooksResponse.swift in Sources */ = {isa = PBXBuildFile; fileRef = 000A26671E6E0D38004D53F2 /* GoogleBooksResponse.swift */; };
		000A266A1E6E0DE5004D53F2 /* BooksPortion.swift in Sources */ = {isa = PBXBuildFile; fileRef = 000A26691E6E0DE5004D53F2 /* BooksPortion.swift */; };
		000A266C1E6E0F0F004D53F2 /* GoogleBookResponseConverter.swift in Sources */ = {isa = PBXBuildFile; fileRef = 000A266B1E6E0F0F004D53F2 /* GoogleBookResponseConverter.swift */; };
		000A266E1E6E12AA004D53F2 /* DataEx.swift in Sources */ = {isa = PBXBuildFile; fileRef = 000A266D1E6E12AA004D53F2 /* DataEx.swift */; };
		000A26701E6E8E3A004D53F2 /* GoogleRequestManagerConfiguration.swift in Sources */ = {isa = PBXBuildFile; fileRef = 000A266F1E6E8E3A004D53F2 /* GoogleRequestManagerConfiguration.swift */; };
		000A269A1E6EBBCF004D53F2 /* library.xcdatamodel in Sources */ = {isa = PBXBuildFile; fileRef = 000A26991E6EBBCF004D53F2 /* library.xcdatamodel */; };
		000A269C1E6EBE78004D53F2 /* CoreDataLibraryManager.swift in Sources */ = {isa = PBXBuildFile; fileRef = 000A269B1E6EBE78004D53F2 /* CoreDataLibraryManager.swift */; };
		000A26A01E6EE84F004D53F2 /* CoreDataContextProvider.swift in Sources */ = {isa = PBXBuildFile; fileRef = 000A269F1E6EE84F004D53F2 /* CoreDataContextProvider.swift */; };
		000A26A21E6EE881004D53F2 /* PersistentContainerCoreDataContextProvider.swift in Sources */ = {isa = PBXBuildFile; fileRef = 000A26A11E6EE881004D53F2 /* PersistentContainerCoreDataContextProvider.swift */; };
		000A26A41E6EEA73004D53F2 /* OldCoreDataContextProvider.swift in Sources */ = {isa = PBXBuildFile; fileRef = 000A26A31E6EEA73004D53F2 /* OldCoreDataContextProvider.swift */; };
		001D4AF41E6C6DB3003F65C8 /* Podfile in Resources */ = {isa = PBXBuildFile; fileRef = 001D4AF31E6C6DB3003F65C8 /* Podfile */; };
		00696C8D1E6C9ACD00028AE7 /* TSUtils.swift in Sources */ = {isa = PBXBuildFile; fileRef = 00696C8C1E6C9ACD00028AE7 /* TSUtils.swift */; };
		00696C8F1E6C9EFA00028AE7 /* BookDetailsViewController.swift in Sources */ = {isa = PBXBuildFile; fileRef = 00696C8E1E6C9EFA00028AE7 /* BookDetailsViewController.swift */; };
		00696C911E6CA61400028AE7 /* Pallete.swift in Sources */ = {isa = PBXBuildFile; fileRef = 00696C901E6CA61400028AE7 /* Pallete.swift */; };
		00696C931E6CA67100028AE7 /* TSExtensions.swift in Sources */ = {isa = PBXBuildFile; fileRef = 00696C921E6CA67100028AE7 /* TSExtensions.swift */; };
		007BA6521E6CB70500860D6B /* AnyBooksProvider.swift in Sources */ = {isa = PBXBuildFile; fileRef = 007BA6511E6CB70500860D6B /* AnyBooksProvider.swift */; };
		0086CD281E6AB20600BF054E /* AppDelegate.swift in Sources */ = {isa = PBXBuildFile; fileRef = 0086CD271E6AB20600BF054E /* AppDelegate.swift */; };
		0086CD2F1E6AB20600BF054E /* Main.storyboard in Resources */ = {isa = PBXBuildFile; fileRef = 0086CD2D1E6AB20600BF054E /* Main.storyboard */; };
		0086CD311E6AB20600BF054E /* Assets.xcassets in Resources */ = {isa = PBXBuildFile; fileRef = 0086CD301E6AB20600BF054E /* Assets.xcassets */; };
		0086CD341E6AB20600BF054E /* LaunchScreen.storyboard in Resources */ = {isa = PBXBuildFile; fileRef = 0086CD321E6AB20600BF054E /* LaunchScreen.storyboard */; };
		0086CD3F1E6AB20700BF054E /* Trinity_BooksTests.swift in Sources */ = {isa = PBXBuildFile; fileRef = 0086CD3E1E6AB20700BF054E /* Trinity_BooksTests.swift */; };
		0086CD4A1E6AB20700BF054E /* Trinity_BooksUITests.swift in Sources */ = {isa = PBXBuildFile; fileRef = 0086CD491E6AB20700BF054E /* Trinity_BooksUITests.swift */; };
		00FAF3491E6B559D0032E0E9 /* SearchBooksViewController.swift in Sources */ = {isa = PBXBuildFile; fileRef = 00FAF3451E6B559D0032E0E9 /* SearchBooksViewController.swift */; };
		00FAF34A1E6B559D0032E0E9 /* LibraryViewController.swift in Sources */ = {isa = PBXBuildFile; fileRef = 00FAF3461E6B559D0032E0E9 /* LibraryViewController.swift */; };
		00FAF3541E6B59F10032E0E9 /* MessageCell.xib in Resources */ = {isa = PBXBuildFile; fileRef = 00FAF3521E6B59F10032E0E9 /* MessageCell.xib */; };
		00FAF3561E6B5A000032E0E9 /* MessageCell.swift in Sources */ = {isa = PBXBuildFile; fileRef = 00FAF3551E6B5A000032E0E9 /* MessageCell.swift */; };
		00FAF3581E6B5A110032E0E9 /* LoadingCell.swift in Sources */ = {isa = PBXBuildFile; fileRef = 00FAF3571E6B5A110032E0E9 /* LoadingCell.swift */; };
		00FAF35B1E6B5A1F0032E0E9 /* LoadingCell.xib in Resources */ = {isa = PBXBuildFile; fileRef = 00FAF3591E6B5A1F0032E0E9 /* LoadingCell.xib */; };
		00FAF3601E6B5A3C0032E0E9 /* BookCell.xib in Resources */ = {isa = PBXBuildFile; fileRef = 00FAF35E1E6B5A3C0032E0E9 /* BookCell.xib */; };
		00FAF3621E6B5A4F0032E0E9 /* BookCell.swift in Sources */ = {isa = PBXBuildFile; fileRef = 00FAF3611E6B5A4F0032E0E9 /* BookCell.swift */; };
		00FAF39B1E6B5D480032E0E9 /* AnyBooksViewModel.swift in Sources */ = {isa = PBXBuildFile; fileRef = 00FAF39A1E6B5D480032E0E9 /* AnyBooksViewModel.swift */; };
		00FAF39D1E6B5D770032E0E9 /* AnyBookViewModel.swift in Sources */ = {isa = PBXBuildFile; fileRef = 00FAF39C1E6B5D760032E0E9 /* AnyBookViewModel.swift */; };
		00FAF39F1E6B5DD10032E0E9 /* Book.swift in Sources */ = {isa = PBXBuildFile; fileRef = 00FAF39E1E6B5DD10032E0E9 /* Book.swift */; };
		00FAF3A11E6B60960032E0E9 /* CommonInjectionPreset.swift in Sources */ = {isa = PBXBuildFile; fileRef = 00FAF3A01E6B60960032E0E9 /* CommonInjectionPreset.swift */; };
		00FAF3A51E6B61490032E0E9 /* DummyBookViewModel.swift in Sources */ = {isa = PBXBuildFile; fileRef = 00FAF3A41E6B61490032E0E9 /* DummyBookViewModel.swift */; };
		00FAF3A71E6B647A0032E0E9 /* SimpleMessageCellDataSource.swift in Sources */ = {isa = PBXBuildFile; fileRef = 00FAF3A61E6B647A0032E0E9 /* SimpleMessageCellDataSource.swift */; };
		00FAF3A91E6B64A50032E0E9 /* DummyInjectionPreset.swift in Sources */ = {isa = PBXBuildFile; fileRef = 00FAF3A81E6B64A50032E0E9 /* DummyInjectionPreset.swift */; };
		00FAF3AB1E6B65920032E0E9 /* DummyBooksViewModel.swift in Sources */ = {isa = PBXBuildFile; fileRef = 00FAF3AA1E6B65920032E0E9 /* DummyBooksViewModel.swift */; };
		00FAF3B61E6B665E0032E0E9 /* Identifiable.swift in Sources */ = {isa = PBXBuildFile; fileRef = 00FAF3AE1E6B665E0032E0E9 /* Identifiable.swift */; };
		00FAF3B71E6B665E0032E0E9 /* TSArchitectureBase.swift in Sources */ = {isa = PBXBuildFile; fileRef = 00FAF3AF1E6B665E0032E0E9 /* TSArchitectureBase.swift */; };
		00FAF3B81E6B665E0032E0E9 /* Injector.swift in Sources */ = {isa = PBXBuildFile; fileRef = 00FAF3B11E6B665E0032E0E9 /* Injector.swift */; };
		00FAF3B91E6B665E0032E0E9 /* TSButton.swift in Sources */ = {isa = PBXBuildFile; fileRef = 00FAF3B31E6B665E0032E0E9 /* TSButton.swift */; };
		00FAF3BA1E6B665E0032E0E9 /* TSCollectionsViewEx.swift in Sources */ = {isa = PBXBuildFile; fileRef = 00FAF3B41E6B665E0032E0E9 /* TSCollectionsViewEx.swift */; };
		00FAF3BB1E6B665E0032E0E9 /* TSViewEx.swift in Sources */ = {isa = PBXBuildFile; fileRef = 00FAF3B51E6B665E0032E0E9 /* TSViewEx.swift */; };
		40B77C87609F1D98624F7B9E /* Pods_Trinity_BooksTests.framework in Frameworks */ = {isa = PBXBuildFile; fileRef = 125C3E50249E81BA948B25D1 /* Pods_Trinity_BooksTests.framework */; };
		893D65628351F945E98EB800 /* Pods_Trinity_Books.framework in Frameworks */ = {isa = PBXBuildFile; fileRef = C147C652FA810BB5388A01F4 /* Pods_Trinity_Books.framework */; };
		FBCEDE4CF811A3A45BB65692 /* Pods_Trinity_BooksUITests.framework in Frameworks */ = {isa = PBXBuildFile; fileRef = 0078EB38839E38EBE82D5E38 /* Pods_Trinity_BooksUITests.framework */; };
/* End PBXBuildFile section */

/* Begin PBXContainerItemProxy section */
		0086CD3B1E6AB20700BF054E /* PBXContainerItemProxy */ = {
			isa = PBXContainerItemProxy;
			containerPortal = 0086CD1C1E6AB20600BF054E /* Project object */;
			proxyType = 1;
			remoteGlobalIDString = 0086CD231E6AB20600BF054E;
			remoteInfo = "Trinity Books";
		};
		0086CD461E6AB20700BF054E /* PBXContainerItemProxy */ = {
			isa = PBXContainerItemProxy;
			containerPortal = 0086CD1C1E6AB20600BF054E /* Project object */;
			proxyType = 1;
			remoteGlobalIDString = 0086CD231E6AB20600BF054E;
			remoteInfo = "Trinity Books";
		};
/* End PBXContainerItemProxy section */

/* Begin PBXFileReference section */
		000A261A1E6CC594004D53F2 /* AnyLibraryManager.swift */ = {isa = PBXFileReference; fileEncoding = 4; lastKnownFileType = sourcecode.swift; lineEnding = 0; path = AnyLibraryManager.swift; sourceTree = "<group>"; xcLanguageSpecificationIdentifier = xcode.lang.swift; };
		000A261C1E6CC8FF004D53F2 /* TSOperationError.swift */ = {isa = PBXFileReference; fileEncoding = 4; lastKnownFileType = sourcecode.swift; path = TSOperationError.swift; sourceTree = "<group>"; };
		000A261E1E6CC9BD004D53F2 /* Library.swift */ = {isa = PBXFileReference; fileEncoding = 4; lastKnownFileType = sourcecode.swift; lineEnding = 0; path = Library.swift; sourceTree = "<group>"; xcLanguageSpecificationIdentifier = xcode.lang.swift; };
		000A26231E6CD07F004D53F2 /* BookViewModel.swift */ = {isa = PBXFileReference; fileEncoding = 4; lastKnownFileType = sourcecode.swift; path = BookViewModel.swift; sourceTree = "<group>"; };
		000A26251E6CD190004D53F2 /* DummyLibraryManager.swift */ = {isa = PBXFileReference; fileEncoding = 4; lastKnownFileType = sourcecode.swift; lineEnding = 0; path = DummyLibraryManager.swift; sourceTree = "<group>"; xcLanguageSpecificationIdentifier = xcode.lang.swift; };
		000A26271E6CD1AD004D53F2 /* LibraryBookViewModel.swift */ = {isa = PBXFileReference; fileEncoding = 4; lastKnownFileType = sourcecode.swift; lineEnding = 0; path = LibraryBookViewModel.swift; sourceTree = "<group>"; xcLanguageSpecificationIdentifier = xcode.lang.swift; };
		000A26291E6CE28C004D53F2 /* ProductionInjectionPreset.swift */ = {isa = PBXFileReference; fileEncoding = 4; lastKnownFileType = sourcecode.swift; lineEnding = 0; path = ProductionInjectionPreset.swift; sourceTree = "<group>"; xcLanguageSpecificationIdentifier = xcode.lang.swift; };
		000A262B1E6CE665004D53F2 /* SearchBooksViewModel.swift */ = {isa = PBXFileReference; fileEncoding = 4; lastKnownFileType = sourcecode.swift; path = SearchBooksViewModel.swift; sourceTree = "<group>"; };
		000A262D1E6CE7D0004D53F2 /* LibraryBooksViewModel.swift */ = {isa = PBXFileReference; fileEncoding = 4; lastKnownFileType = sourcecode.swift; lineEnding = 0; path = LibraryBooksViewModel.swift; sourceTree = "<group>"; xcLanguageSpecificationIdentifier = xcode.lang.swift; };
		000A262F1E6D6DDD004D53F2 /* DummyBooksProvider.swift */ = {isa = PBXFileReference; fileEncoding = 4; lastKnownFileType = sourcecode.swift; lineEnding = 0; path = DummyBooksProvider.swift; sourceTree = "<group>"; xcLanguageSpecificationIdentifier = xcode.lang.swift; };
		000A26311E6D92EF004D53F2 /* BaseBooksViewController.swift */ = {isa = PBXFileReference; fileEncoding = 4; lastKnownFileType = sourcecode.swift; path = BaseBooksViewController.swift; sourceTree = "<group>"; };
		000A26351E6DC877004D53F2 /* SplashViewController.swift */ = {isa = PBXFileReference; fileEncoding = 4; lastKnownFileType = sourcecode.swift; lineEnding = 0; path = SplashViewController.swift; sourceTree = "<group>"; xcLanguageSpecificationIdentifier = xcode.lang.swift; };
		000A26371E6DFA50004D53F2 /* UserDefaultsLibraryManager.swift */ = {isa = PBXFileReference; fileEncoding = 4; lastKnownFileType = sourcecode.swift; path = UserDefaultsLibraryManager.swift; sourceTree = "<group>"; };
		000A263E1E6DFB43004D53F2 /* Archivable.swift */ = {isa = PBXFileReference; fileEncoding = 4; lastKnownFileType = sourcecode.swift; path = Archivable.swift; sourceTree = "<group>"; };
		000A263F1E6DFB43004D53F2 /* BaseStorage.swift */ = {isa = PBXFileReference; fileEncoding = 4; lastKnownFileType = sourcecode.swift; path = BaseStorage.swift; sourceTree = "<group>"; };
		000A26401E6DFB43004D53F2 /* DictionaryStorageProvider.swift */ = {isa = PBXFileReference; fileEncoding = 4; lastKnownFileType = sourcecode.swift; path = DictionaryStorageProvider.swift; sourceTree = "<group>"; };
		000A26411E6DFB43004D53F2 /* Storage.swift */ = {isa = PBXFileReference; fileEncoding = 4; lastKnownFileType = sourcecode.swift; path = Storage.swift; sourceTree = "<group>"; };
		000A26421E6DFB43004D53F2 /* StorageProvider.swift */ = {isa = PBXFileReference; fileEncoding = 4; lastKnownFileType = sourcecode.swift; path = StorageProvider.swift; sourceTree = "<group>"; };
		000A26431E6DFB43004D53F2 /* UbiquitousStorageProvider.swift */ = {isa = PBXFileReference; fileEncoding = 4; lastKnownFileType = sourcecode.swift; path = UbiquitousStorageProvider.swift; sourceTree = "<group>"; };
		000A26441E6DFB43004D53F2 /* UserDefaultsStorageProvider.swift */ = {isa = PBXFileReference; fileEncoding = 4; lastKnownFileType = sourcecode.swift; path = UserDefaultsStorageProvider.swift; sourceTree = "<group>"; };
		000A264D1E6E0594004D53F2 /* GoogleBooksProvider.swift */ = {isa = PBXFileReference; fileEncoding = 4; lastKnownFileType = sourcecode.swift; path = GoogleBooksProvider.swift; sourceTree = "<group>"; };
		000A26501E6E0A63004D53F2 /* DataConverters.swift */ = {isa = PBXFileReference; fileEncoding = 4; lastKnownFileType = sourcecode.swift; path = DataConverters.swift; sourceTree = "<group>"; };
		000A26511E6E0A63004D53F2 /* MultipartRequest.swift */ = {isa = PBXFileReference; fileEncoding = 4; lastKnownFileType = sourcecode.swift; path = MultipartRequest.swift; sourceTree = "<group>"; };
		000A26521E6E0A63004D53F2 /* Request.swift */ = {isa = PBXFileReference; fileEncoding = 4; lastKnownFileType = sourcecode.swift; path = Request.swift; sourceTree = "<group>"; };
		000A26531E6E0A63004D53F2 /* RequestCall.swift */ = {isa = PBXFileReference; fileEncoding = 4; lastKnownFileType = sourcecode.swift; path = RequestCall.swift; sourceTree = "<group>"; };
		000A26541E6E0A63004D53F2 /* RequestError.swift */ = {isa = PBXFileReference; fileEncoding = 4; lastKnownFileType = sourcecode.swift; path = RequestError.swift; sourceTree = "<group>"; };
		000A26551E6E0A63004D53F2 /* RequestManager.swift */ = {isa = PBXFileReference; fileEncoding = 4; lastKnownFileType = sourcecode.swift; path = RequestManager.swift; sourceTree = "<group>"; };
		000A26561E6E0A63004D53F2 /* Response.swift */ = {isa = PBXFileReference; fileEncoding = 4; lastKnownFileType = sourcecode.swift; path = Response.swift; sourceTree = "<group>"; };
		000A26571E6E0A63004D53F2 /* ResponseResult.swift */ = {isa = PBXFileReference; fileEncoding = 4; lastKnownFileType = sourcecode.swift; path = ResponseResult.swift; sourceTree = "<group>"; };
		000A26611E6E0B00004D53F2 /* GoogleSearchBooksRequest.swift */ = {isa = PBXFileReference; fileEncoding = 4; lastKnownFileType = sourcecode.swift; path = GoogleSearchBooksRequest.swift; sourceTree = "<group>"; };
		000A26651E6E0BE4004D53F2 /* AlamofireRequestManager.swift */ = {isa = PBXFileReference; fileEncoding = 4; lastKnownFileType = sourcecode.swift; name = AlamofireRequestManager.swift; path = ../AlamofireRequestManager.swift; sourceTree = "<group>"; };
		000A26671E6E0D38004D53F2 /* GoogleBooksResponse.swift */ = {isa = PBXFileReference; fileEncoding = 4; lastKnownFileType = sourcecode.swift; path = GoogleBooksResponse.swift; sourceTree = "<group>"; };
		000A26691E6E0DE5004D53F2 /* BooksPortion.swift */ = {isa = PBXFileReference; fileEncoding = 4; lastKnownFileType = sourcecode.swift; path = BooksPortion.swift; sourceTree = "<group>"; };
		000A266B1E6E0F0F004D53F2 /* GoogleBookResponseConverter.swift */ = {isa = PBXFileReference; fileEncoding = 4; lastKnownFileType = sourcecode.swift; path = GoogleBookResponseConverter.swift; sourceTree = "<group>"; };
		000A266D1E6E12AA004D53F2 /* DataEx.swift */ = {isa = PBXFileReference; fileEncoding = 4; lastKnownFileType = sourcecode.swift; path = DataEx.swift; sourceTree = "<group>"; };
		000A266F1E6E8E3A004D53F2 /* GoogleRequestManagerConfiguration.swift */ = {isa = PBXFileReference; fileEncoding = 4; lastKnownFileType = sourcecode.swift; path = GoogleRequestManagerConfiguration.swift; sourceTree = "<group>"; };
		000A26991E6EBBCF004D53F2 /* library.xcdatamodel */ = {isa = PBXFileReference; lastKnownFileType = wrapper.xcdatamodel; path = library.xcdatamodel; sourceTree = "<group>"; };
		000A269B1E6EBE78004D53F2 /* CoreDataLibraryManager.swift */ = {isa = PBXFileReference; fileEncoding = 4; lastKnownFileType = sourcecode.swift; path = CoreDataLibraryManager.swift; sourceTree = "<group>"; };
		000A269F1E6EE84F004D53F2 /* CoreDataContextProvider.swift */ = {isa = PBXFileReference; fileEncoding = 4; lastKnownFileType = sourcecode.swift; path = CoreDataContextProvider.swift; sourceTree = "<group>"; };
		000A26A11E6EE881004D53F2 /* PersistentContainerCoreDataContextProvider.swift */ = {isa = PBXFileReference; fileEncoding = 4; lastKnownFileType = sourcecode.swift; path = PersistentContainerCoreDataContextProvider.swift; sourceTree = "<group>"; };
		000A26A31E6EEA73004D53F2 /* OldCoreDataContextProvider.swift */ = {isa = PBXFileReference; fileEncoding = 4; lastKnownFileType = sourcecode.swift; path = OldCoreDataContextProvider.swift; sourceTree = "<group>"; };
		001D4AF31E6C6DB3003F65C8 /* Podfile */ = {isa = PBXFileReference; fileEncoding = 4; lastKnownFileType = text; path = Podfile; sourceTree = SOURCE_ROOT; };
		00696C8C1E6C9ACD00028AE7 /* TSUtils.swift */ = {isa = PBXFileReference; fileEncoding = 4; lastKnownFileType = sourcecode.swift; path = TSUtils.swift; sourceTree = "<group>"; };
		00696C8E1E6C9EFA00028AE7 /* BookDetailsViewController.swift */ = {isa = PBXFileReference; fileEncoding = 4; lastKnownFileType = sourcecode.swift; lineEnding = 0; path = BookDetailsViewController.swift; sourceTree = "<group>"; xcLanguageSpecificationIdentifier = xcode.lang.swift; };
		00696C901E6CA61400028AE7 /* Pallete.swift */ = {isa = PBXFileReference; fileEncoding = 4; lastKnownFileType = sourcecode.swift; path = Pallete.swift; sourceTree = "<group>"; };
		00696C921E6CA67100028AE7 /* TSExtensions.swift */ = {isa = PBXFileReference; fileEncoding = 4; lastKnownFileType = sourcecode.swift; path = TSExtensions.swift; sourceTree = "<group>"; };
		0078EB38839E38EBE82D5E38 /* Pods_Trinity_BooksUITests.framework */ = {isa = PBXFileReference; explicitFileType = wrapper.framework; includeInIndex = 0; path = Pods_Trinity_BooksUITests.framework; sourceTree = BUILT_PRODUCTS_DIR; };
		007BA6511E6CB70500860D6B /* AnyBooksProvider.swift */ = {isa = PBXFileReference; fileEncoding = 4; lastKnownFileType = sourcecode.swift; path = AnyBooksProvider.swift; sourceTree = "<group>"; };
		0086CD241E6AB20600BF054E /* Trinity Books.app */ = {isa = PBXFileReference; explicitFileType = wrapper.application; includeInIndex = 0; path = "Trinity Books.app"; sourceTree = BUILT_PRODUCTS_DIR; };
		0086CD271E6AB20600BF054E /* AppDelegate.swift */ = {isa = PBXFileReference; lastKnownFileType = sourcecode.swift; path = AppDelegate.swift; sourceTree = "<group>"; };
		0086CD2E1E6AB20600BF054E /* Base */ = {isa = PBXFileReference; lastKnownFileType = file.storyboard; name = Base; path = Base.lproj/Main.storyboard; sourceTree = "<group>"; };
		0086CD301E6AB20600BF054E /* Assets.xcassets */ = {isa = PBXFileReference; lastKnownFileType = folder.assetcatalog; path = Assets.xcassets; sourceTree = "<group>"; };
		0086CD331E6AB20600BF054E /* Base */ = {isa = PBXFileReference; lastKnownFileType = file.storyboard; name = Base; path = Base.lproj/LaunchScreen.storyboard; sourceTree = "<group>"; };
		0086CD351E6AB20600BF054E /* Info.plist */ = {isa = PBXFileReference; lastKnownFileType = text.plist.xml; path = Info.plist; sourceTree = "<group>"; };
		0086CD3A1E6AB20700BF054E /* Trinity BooksTests.xctest */ = {isa = PBXFileReference; explicitFileType = wrapper.cfbundle; includeInIndex = 0; path = "Trinity BooksTests.xctest"; sourceTree = BUILT_PRODUCTS_DIR; };
		0086CD3E1E6AB20700BF054E /* Trinity_BooksTests.swift */ = {isa = PBXFileReference; lastKnownFileType = sourcecode.swift; path = Trinity_BooksTests.swift; sourceTree = "<group>"; };
		0086CD401E6AB20700BF054E /* Info.plist */ = {isa = PBXFileReference; lastKnownFileType = text.plist.xml; path = Info.plist; sourceTree = "<group>"; };
		0086CD451E6AB20700BF054E /* Trinity BooksUITests.xctest */ = {isa = PBXFileReference; explicitFileType = wrapper.cfbundle; includeInIndex = 0; path = "Trinity BooksUITests.xctest"; sourceTree = BUILT_PRODUCTS_DIR; };
		0086CD491E6AB20700BF054E /* Trinity_BooksUITests.swift */ = {isa = PBXFileReference; lastKnownFileType = sourcecode.swift; path = Trinity_BooksUITests.swift; sourceTree = "<group>"; };
		0086CD4B1E6AB20700BF054E /* Info.plist */ = {isa = PBXFileReference; lastKnownFileType = text.plist.xml; path = Info.plist; sourceTree = "<group>"; };
		00FAF3451E6B559D0032E0E9 /* SearchBooksViewController.swift */ = {isa = PBXFileReference; fileEncoding = 4; lastKnownFileType = sourcecode.swift; lineEnding = 0; path = SearchBooksViewController.swift; sourceTree = "<group>"; xcLanguageSpecificationIdentifier = xcode.lang.swift; };
		00FAF3461E6B559D0032E0E9 /* LibraryViewController.swift */ = {isa = PBXFileReference; fileEncoding = 4; lastKnownFileType = sourcecode.swift; lineEnding = 0; path = LibraryViewController.swift; sourceTree = "<group>"; xcLanguageSpecificationIdentifier = xcode.lang.swift; };
		00FAF3531E6B59F10032E0E9 /* Base */ = {isa = PBXFileReference; lastKnownFileType = file.xib; name = Base; path = "Trinity Books/Base.lproj/MessageCell.xib"; sourceTree = SOURCE_ROOT; };
		00FAF3551E6B5A000032E0E9 /* MessageCell.swift */ = {isa = PBXFileReference; fileEncoding = 4; lastKnownFileType = sourcecode.swift; path = MessageCell.swift; sourceTree = "<group>"; };
		00FAF3571E6B5A110032E0E9 /* LoadingCell.swift */ = {isa = PBXFileReference; fileEncoding = 4; lastKnownFileType = sourcecode.swift; path = LoadingCell.swift; sourceTree = "<group>"; };
		00FAF35A1E6B5A1F0032E0E9 /* Base */ = {isa = PBXFileReference; lastKnownFileType = file.xib; name = Base; path = "Trinity Books/Base.lproj/LoadingCell.xib"; sourceTree = SOURCE_ROOT; };
		00FAF35F1E6B5A3C0032E0E9 /* Base */ = {isa = PBXFileReference; lastKnownFileType = file.xib; name = Base; path = "Trinity Books/Base.lproj/BookCell.xib"; sourceTree = SOURCE_ROOT; };
		00FAF3611E6B5A4F0032E0E9 /* BookCell.swift */ = {isa = PBXFileReference; fileEncoding = 4; lastKnownFileType = sourcecode.swift; path = BookCell.swift; sourceTree = "<group>"; };
		00FAF39A1E6B5D480032E0E9 /* AnyBooksViewModel.swift */ = {isa = PBXFileReference; fileEncoding = 4; lastKnownFileType = sourcecode.swift; name = AnyBooksViewModel.swift; path = "View Models/AnyBooksViewModel.swift"; sourceTree = "<group>"; };
		00FAF39C1E6B5D760032E0E9 /* AnyBookViewModel.swift */ = {isa = PBXFileReference; fileEncoding = 4; lastKnownFileType = sourcecode.swift; name = AnyBookViewModel.swift; path = "View Models/AnyBookViewModel.swift"; sourceTree = "<group>"; };
		00FAF39E1E6B5DD10032E0E9 /* Book.swift */ = {isa = PBXFileReference; fileEncoding = 4; lastKnownFileType = sourcecode.swift; path = Book.swift; sourceTree = "<group>"; };
		00FAF3A01E6B60960032E0E9 /* CommonInjectionPreset.swift */ = {isa = PBXFileReference; fileEncoding = 4; lastKnownFileType = sourcecode.swift; path = CommonInjectionPreset.swift; sourceTree = "<group>"; };
		00FAF3A41E6B61490032E0E9 /* DummyBookViewModel.swift */ = {isa = PBXFileReference; fileEncoding = 4; lastKnownFileType = sourcecode.swift; path = DummyBookViewModel.swift; sourceTree = "<group>"; };
		00FAF3A61E6B647A0032E0E9 /* SimpleMessageCellDataSource.swift */ = {isa = PBXFileReference; fileEncoding = 4; lastKnownFileType = sourcecode.swift; path = SimpleMessageCellDataSource.swift; sourceTree = "<group>"; };
		00FAF3A81E6B64A50032E0E9 /* DummyInjectionPreset.swift */ = {isa = PBXFileReference; fileEncoding = 4; lastKnownFileType = sourcecode.swift; lineEnding = 0; path = DummyInjectionPreset.swift; sourceTree = "<group>"; xcLanguageSpecificationIdentifier = xcode.lang.swift; };
		00FAF3AA1E6B65920032E0E9 /* DummyBooksViewModel.swift */ = {isa = PBXFileReference; fileEncoding = 4; lastKnownFileType = sourcecode.swift; path = DummyBooksViewModel.swift; sourceTree = "<group>"; };
		00FAF3AE1E6B665E0032E0E9 /* Identifiable.swift */ = {isa = PBXFileReference; fileEncoding = 4; lastKnownFileType = sourcecode.swift; path = Identifiable.swift; sourceTree = "<group>"; };
		00FAF3AF1E6B665E0032E0E9 /* TSArchitectureBase.swift */ = {isa = PBXFileReference; fileEncoding = 4; lastKnownFileType = sourcecode.swift; path = TSArchitectureBase.swift; sourceTree = "<group>"; };
		00FAF3B11E6B665E0032E0E9 /* Injector.swift */ = {isa = PBXFileReference; fileEncoding = 4; lastKnownFileType = sourcecode.swift; path = Injector.swift; sourceTree = "<group>"; };
		00FAF3B31E6B665E0032E0E9 /* TSButton.swift */ = {isa = PBXFileReference; fileEncoding = 4; lastKnownFileType = sourcecode.swift; path = TSButton.swift; sourceTree = "<group>"; };
		00FAF3B41E6B665E0032E0E9 /* TSCollectionsViewEx.swift */ = {isa = PBXFileReference; fileEncoding = 4; lastKnownFileType = sourcecode.swift; path = TSCollectionsViewEx.swift; sourceTree = "<group>"; };
		00FAF3B51E6B665E0032E0E9 /* TSViewEx.swift */ = {isa = PBXFileReference; fileEncoding = 4; lastKnownFileType = sourcecode.swift; path = TSViewEx.swift; sourceTree = "<group>"; };
		031577EC5D84EB53BD281855 /* Pods-Trinity BooksTests.debug.xcconfig */ = {isa = PBXFileReference; includeInIndex = 1; lastKnownFileType = text.xcconfig; name = "Pods-Trinity BooksTests.debug.xcconfig"; path = "Pods/Target Support Files/Pods-Trinity BooksTests/Pods-Trinity BooksTests.debug.xcconfig"; sourceTree = "<group>"; };
		0681F4C74B344B30582188D2 /* Pods-Trinity BooksUITests.debug.xcconfig */ = {isa = PBXFileReference; includeInIndex = 1; lastKnownFileType = text.xcconfig; name = "Pods-Trinity BooksUITests.debug.xcconfig"; path = "Pods/Target Support Files/Pods-Trinity BooksUITests/Pods-Trinity BooksUITests.debug.xcconfig"; sourceTree = "<group>"; };
		0CA21AE0F6C14075945EB014 /* Pods-Trinity BooksUITests.release.xcconfig */ = {isa = PBXFileReference; includeInIndex = 1; lastKnownFileType = text.xcconfig; name = "Pods-Trinity BooksUITests.release.xcconfig"; path = "Pods/Target Support Files/Pods-Trinity BooksUITests/Pods-Trinity BooksUITests.release.xcconfig"; sourceTree = "<group>"; };
		125C3E50249E81BA948B25D1 /* Pods_Trinity_BooksTests.framework */ = {isa = PBXFileReference; explicitFileType = wrapper.framework; includeInIndex = 0; path = Pods_Trinity_BooksTests.framework; sourceTree = BUILT_PRODUCTS_DIR; };
		57B7AE94EB70FACF9E104996 /* Pods-Trinity Books.debug.xcconfig */ = {isa = PBXFileReference; includeInIndex = 1; lastKnownFileType = text.xcconfig; name = "Pods-Trinity Books.debug.xcconfig"; path = "Pods/Target Support Files/Pods-Trinity Books/Pods-Trinity Books.debug.xcconfig"; sourceTree = "<group>"; };
		AE95F5A5B567ED849BCCB670 /* Pods-Trinity BooksTests.release.xcconfig */ = {isa = PBXFileReference; includeInIndex = 1; lastKnownFileType = text.xcconfig; name = "Pods-Trinity BooksTests.release.xcconfig"; path = "Pods/Target Support Files/Pods-Trinity BooksTests/Pods-Trinity BooksTests.release.xcconfig"; sourceTree = "<group>"; };
		C147C652FA810BB5388A01F4 /* Pods_Trinity_Books.framework */ = {isa = PBXFileReference; explicitFileType = wrapper.framework; includeInIndex = 0; path = Pods_Trinity_Books.framework; sourceTree = BUILT_PRODUCTS_DIR; };
		F8D5ED2B3D8C4F4741D942BB /* Pods-Trinity Books.release.xcconfig */ = {isa = PBXFileReference; includeInIndex = 1; lastKnownFileType = text.xcconfig; name = "Pods-Trinity Books.release.xcconfig"; path = "Pods/Target Support Files/Pods-Trinity Books/Pods-Trinity Books.release.xcconfig"; sourceTree = "<group>"; };
/* End PBXFileReference section */

/* Begin PBXFrameworksBuildPhase section */
		0086CD211E6AB20600BF054E /* Frameworks */ = {
			isa = PBXFrameworksBuildPhase;
			buildActionMask = 2147483647;
			files = (
				893D65628351F945E98EB800 /* Pods_Trinity_Books.framework in Frameworks */,
			);
			runOnlyForDeploymentPostprocessing = 0;
		};
		0086CD371E6AB20700BF054E /* Frameworks */ = {
			isa = PBXFrameworksBuildPhase;
			buildActionMask = 2147483647;
			files = (
				40B77C87609F1D98624F7B9E /* Pods_Trinity_BooksTests.framework in Frameworks */,
			);
			runOnlyForDeploymentPostprocessing = 0;
		};
		0086CD421E6AB20700BF054E /* Frameworks */ = {
			isa = PBXFrameworksBuildPhase;
			buildActionMask = 2147483647;
			files = (
				FBCEDE4CF811A3A45BB65692 /* Pods_Trinity_BooksUITests.framework in Frameworks */,
			);
			runOnlyForDeploymentPostprocessing = 0;
		};
/* End PBXFrameworksBuildPhase section */

/* Begin PBXGroup section */
		000A26221E6CD06F004D53F2 /* Model based */ = {
			isa = PBXGroup;
			children = (
				000A26231E6CD07F004D53F2 /* BookViewModel.swift */,
				000A26271E6CD1AD004D53F2 /* LibraryBookViewModel.swift */,
				000A262B1E6CE665004D53F2 /* SearchBooksViewModel.swift */,
				000A262D1E6CE7D0004D53F2 /* LibraryBooksViewModel.swift */,
			);
			name = "Model based";
			sourceTree = "<group>";
		};
		000A263D1E6DFB43004D53F2 /* TSStorage */ = {
			isa = PBXGroup;
			children = (
				000A263E1E6DFB43004D53F2 /* Archivable.swift */,
				000A263F1E6DFB43004D53F2 /* BaseStorage.swift */,
				000A26401E6DFB43004D53F2 /* DictionaryStorageProvider.swift */,
				000A26411E6DFB43004D53F2 /* Storage.swift */,
				000A26421E6DFB43004D53F2 /* StorageProvider.swift */,
				000A26431E6DFB43004D53F2 /* UbiquitousStorageProvider.swift */,
				000A26441E6DFB43004D53F2 /* UserDefaultsStorageProvider.swift */,
			);
			path = TSStorage;
			sourceTree = "<group>";
		};
		000A264C1E6E03BE004D53F2 /* Production */ = {
			isa = PBXGroup;
			children = (
				000A26371E6DFA50004D53F2 /* UserDefaultsLibraryManager.swift */,
				000A264D1E6E0594004D53F2 /* GoogleBooksProvider.swift */,
				000A269B1E6EBE78004D53F2 /* CoreDataLibraryManager.swift */,
				000A26A11E6EE881004D53F2 /* PersistentContainerCoreDataContextProvider.swift */,
				000A26A31E6EEA73004D53F2 /* OldCoreDataContextProvider.swift */,
			);
			name = Production;
			sourceTree = "<group>";
		};
		000A264F1E6E0A63004D53F2 /* TSNetworking */ = {
			isa = PBXGroup;
			children = (
				000A26501E6E0A63004D53F2 /* DataConverters.swift */,
				000A26511E6E0A63004D53F2 /* MultipartRequest.swift */,
				000A26521E6E0A63004D53F2 /* Request.swift */,
				000A26531E6E0A63004D53F2 /* RequestCall.swift */,
				000A26541E6E0A63004D53F2 /* RequestError.swift */,
				000A26551E6E0A63004D53F2 /* RequestManager.swift */,
				000A26561E6E0A63004D53F2 /* Response.swift */,
				000A26571E6E0A63004D53F2 /* ResponseResult.swift */,
				000A26651E6E0BE4004D53F2 /* AlamofireRequestManager.swift */,
			);
			path = TSNetworking;
			sourceTree = "<group>";
		};
		000A26601E6E0AE2004D53F2 /* Networking Layer */ = {
			isa = PBXGroup;
			children = (
				000A26611E6E0B00004D53F2 /* GoogleSearchBooksRequest.swift */,
				000A26671E6E0D38004D53F2 /* GoogleBooksResponse.swift */,
				000A266B1E6E0F0F004D53F2 /* GoogleBookResponseConverter.swift */,
				000A266F1E6E8E3A004D53F2 /* GoogleRequestManagerConfiguration.swift */,
			);
			path = "Networking Layer";
			sourceTree = "<group>";
		};
		007BA64F1E6CB44000860D6B /* Definitions */ = {
			isa = PBXGroup;
			children = (
				007BA6511E6CB70500860D6B /* AnyBooksProvider.swift */,
				000A261A1E6CC594004D53F2 /* AnyLibraryManager.swift */,
				000A269F1E6EE84F004D53F2 /* CoreDataContextProvider.swift */,
			);
			name = Definitions;
			sourceTree = "<group>";
		};
		007BA6501E6CB47F00860D6B /* Dummies */ = {
			isa = PBXGroup;
			children = (
				000A26251E6CD190004D53F2 /* DummyLibraryManager.swift */,
				000A262F1E6D6DDD004D53F2 /* DummyBooksProvider.swift */,
			);
			name = Dummies;
			sourceTree = "<group>";
		};
		0086CD1B1E6AB20600BF054E = {
			isa = PBXGroup;
			children = (
				00FAF3AC1E6B665E0032E0E9 /* TSKit */,
				0086CD261E6AB20600BF054E /* Trinity Books */,
				0086CD3D1E6AB20700BF054E /* Trinity BooksTests */,
				0086CD481E6AB20700BF054E /* Trinity BooksUITests */,
				0086CD251E6AB20600BF054E /* Products */,
				86B8B4729B9E2BDB85F72F3F /* Pods */,
				E9B2EE582DE814FB56A765FC /* Frameworks */,
			);
			sourceTree = "<group>";
		};
		0086CD251E6AB20600BF054E /* Products */ = {
			isa = PBXGroup;
			children = (
				0086CD241E6AB20600BF054E /* Trinity Books.app */,
				0086CD3A1E6AB20700BF054E /* Trinity BooksTests.xctest */,
				0086CD451E6AB20700BF054E /* Trinity BooksUITests.xctest */,
			);
			name = Products;
			sourceTree = "<group>";
		};
		0086CD261E6AB20600BF054E /* Trinity Books */ = {
			isa = PBXGroup;
			children = (
				00FAF3421E6B559D0032E0E9 /* Injection */,
				000A26601E6E0AE2004D53F2 /* Networking Layer */,
				00FAF3411E6B559D0032E0E9 /* Data Managers Layer */,
				00FAF3431E6B559D0032E0E9 /* Models */,
				00FAF3471E6B559D0032E0E9 /* View Models */,
				00FAF34B1E6B59980032E0E9 /* UI */,
				0086CD271E6AB20600BF054E /* AppDelegate.swift */,
				0086CD301E6AB20600BF054E /* Assets.xcassets */,
				0086CD321E6AB20600BF054E /* LaunchScreen.storyboard */,
				0086CD351E6AB20600BF054E /* Info.plist */,
				001D4AF31E6C6DB3003F65C8 /* Podfile */,
				000A26991E6EBBCF004D53F2 /* library.xcdatamodel */,
				00696C901E6CA61400028AE7 /* Pallete.swift */,
			);
			path = "Trinity Books";
			sourceTree = "<group>";
		};
		0086CD3D1E6AB20700BF054E /* Trinity BooksTests */ = {
			isa = PBXGroup;
			children = (
				0086CD3E1E6AB20700BF054E /* Trinity_BooksTests.swift */,
				0086CD401E6AB20700BF054E /* Info.plist */,
			);
			path = "Trinity BooksTests";
			sourceTree = "<group>";
		};
		0086CD481E6AB20700BF054E /* Trinity BooksUITests */ = {
			isa = PBXGroup;
			children = (
				0086CD491E6AB20700BF054E /* Trinity_BooksUITests.swift */,
				0086CD4B1E6AB20700BF054E /* Info.plist */,
			);
			path = "Trinity BooksUITests";
			sourceTree = "<group>";
		};
		00FAF3411E6B559D0032E0E9 /* Data Managers Layer */ = {
			isa = PBXGroup;
			children = (
				007BA64F1E6CB44000860D6B /* Definitions */,
				000A264C1E6E03BE004D53F2 /* Production */,
				007BA6501E6CB47F00860D6B /* Dummies */,
			);
			path = "Data Managers Layer";
			sourceTree = "<group>";
		};
		00FAF3421E6B559D0032E0E9 /* Injection */ = {
			isa = PBXGroup;
			children = (
				00FAF3A01E6B60960032E0E9 /* CommonInjectionPreset.swift */,
				00FAF3A81E6B64A50032E0E9 /* DummyInjectionPreset.swift */,
				000A26291E6CE28C004D53F2 /* ProductionInjectionPreset.swift */,
			);
			path = Injection;
			sourceTree = "<group>";
		};
		00FAF3431E6B559D0032E0E9 /* Models */ = {
			isa = PBXGroup;
			children = (
				00FAF39E1E6B5DD10032E0E9 /* Book.swift */,
				000A261E1E6CC9BD004D53F2 /* Library.swift */,
				000A26691E6E0DE5004D53F2 /* BooksPortion.swift */,
			);
			path = Models;
			sourceTree = "<group>";
		};
		00FAF3441E6B559D0032E0E9 /* View Controllers */ = {
			isa = PBXGroup;
			children = (
				000A26311E6D92EF004D53F2 /* BaseBooksViewController.swift */,
				00FAF3451E6B559D0032E0E9 /* SearchBooksViewController.swift */,
				00FAF3461E6B559D0032E0E9 /* LibraryViewController.swift */,
				00696C8E1E6C9EFA00028AE7 /* BookDetailsViewController.swift */,
				000A26351E6DC877004D53F2 /* SplashViewController.swift */,
			);
			path = "View Controllers";
			sourceTree = "<group>";
		};
		00FAF3471E6B559D0032E0E9 /* View Models */ = {
			isa = PBXGroup;
			children = (
				00FAF3A21E6B61110032E0E9 /* Definitions */,
				000A26221E6CD06F004D53F2 /* Model based */,
				00FAF3A31E6B61310032E0E9 /* Dummies */,
				00FAF3A61E6B647A0032E0E9 /* SimpleMessageCellDataSource.swift */,
			);
			path = "View Models";
			sourceTree = "<group>";
		};
		00FAF3481E6B559D0032E0E9 /* Views */ = {
			isa = PBXGroup;
			children = (
				00FAF3521E6B59F10032E0E9 /* MessageCell.xib */,
				00FAF3551E6B5A000032E0E9 /* MessageCell.swift */,
				00FAF3591E6B5A1F0032E0E9 /* LoadingCell.xib */,
				00FAF3571E6B5A110032E0E9 /* LoadingCell.swift */,
				00FAF35E1E6B5A3C0032E0E9 /* BookCell.xib */,
				00FAF3611E6B5A4F0032E0E9 /* BookCell.swift */,
			);
			path = Views;
			sourceTree = "<group>";
		};
		00FAF34B1E6B59980032E0E9 /* UI */ = {
			isa = PBXGroup;
			children = (
				0086CD2D1E6AB20600BF054E /* Main.storyboard */,
				00FAF3481E6B559D0032E0E9 /* Views */,
				00FAF3441E6B559D0032E0E9 /* View Controllers */,
			);
			name = UI;
			sourceTree = "<group>";
		};
		00FAF3A21E6B61110032E0E9 /* Definitions */ = {
			isa = PBXGroup;
			children = (
				00FAF39A1E6B5D480032E0E9 /* AnyBooksViewModel.swift */,
				00FAF39C1E6B5D760032E0E9 /* AnyBookViewModel.swift */,
			);
			name = Definitions;
			path = ..;
			sourceTree = "<group>";
		};
		00FAF3A31E6B61310032E0E9 /* Dummies */ = {
			isa = PBXGroup;
			children = (
				00FAF3A41E6B61490032E0E9 /* DummyBookViewModel.swift */,
				00FAF3AA1E6B65920032E0E9 /* DummyBooksViewModel.swift */,
			);
			name = Dummies;
			sourceTree = "<group>";
		};
		00FAF3AC1E6B665E0032E0E9 /* TSKit */ = {
			isa = PBXGroup;
			children = (
				00696C8C1E6C9ACD00028AE7 /* TSUtils.swift */,
				00696C921E6CA67100028AE7 /* TSExtensions.swift */,
				000A261C1E6CC8FF004D53F2 /* TSOperationError.swift */,
				000A266D1E6E12AA004D53F2 /* DataEx.swift */,
				000A263D1E6DFB43004D53F2 /* TSStorage */,
				000A264F1E6E0A63004D53F2 /* TSNetworking */,
				00FAF3AD1E6B665E0032E0E9 /* TSArchitecture */,
				00FAF3B01E6B665E0032E0E9 /* TSInjection */,
				00FAF3B21E6B665E0032E0E9 /* TSUI */,
			);
			path = TSKit;
			sourceTree = "<group>";
		};
		00FAF3AD1E6B665E0032E0E9 /* TSArchitecture */ = {
			isa = PBXGroup;
			children = (
				00FAF3AE1E6B665E0032E0E9 /* Identifiable.swift */,
				00FAF3AF1E6B665E0032E0E9 /* TSArchitectureBase.swift */,
			);
			path = TSArchitecture;
			sourceTree = "<group>";
		};
		00FAF3B01E6B665E0032E0E9 /* TSInjection */ = {
			isa = PBXGroup;
			children = (
				00FAF3B11E6B665E0032E0E9 /* Injector.swift */,
			);
			path = TSInjection;
			sourceTree = "<group>";
		};
		00FAF3B21E6B665E0032E0E9 /* TSUI */ = {
			isa = PBXGroup;
			children = (
				00FAF3B31E6B665E0032E0E9 /* TSButton.swift */,
				00FAF3B41E6B665E0032E0E9 /* TSCollectionsViewEx.swift */,
				00FAF3B51E6B665E0032E0E9 /* TSViewEx.swift */,
			);
			path = TSUI;
			sourceTree = "<group>";
		};
		86B8B4729B9E2BDB85F72F3F /* Pods */ = {
			isa = PBXGroup;
			children = (
				57B7AE94EB70FACF9E104996 /* Pods-Trinity Books.debug.xcconfig */,
				F8D5ED2B3D8C4F4741D942BB /* Pods-Trinity Books.release.xcconfig */,
				031577EC5D84EB53BD281855 /* Pods-Trinity BooksTests.debug.xcconfig */,
				AE95F5A5B567ED849BCCB670 /* Pods-Trinity BooksTests.release.xcconfig */,
				0681F4C74B344B30582188D2 /* Pods-Trinity BooksUITests.debug.xcconfig */,
				0CA21AE0F6C14075945EB014 /* Pods-Trinity BooksUITests.release.xcconfig */,
			);
			name = Pods;
			sourceTree = "<group>";
		};
		E9B2EE582DE814FB56A765FC /* Frameworks */ = {
			isa = PBXGroup;
			children = (
				C147C652FA810BB5388A01F4 /* Pods_Trinity_Books.framework */,
				125C3E50249E81BA948B25D1 /* Pods_Trinity_BooksTests.framework */,
				0078EB38839E38EBE82D5E38 /* Pods_Trinity_BooksUITests.framework */,
			);
			name = Frameworks;
			sourceTree = "<group>";
		};
/* End PBXGroup section */

/* Begin PBXNativeTarget section */
		0086CD231E6AB20600BF054E /* Trinity Books */ = {
			isa = PBXNativeTarget;
			buildConfigurationList = 0086CD4E1E6AB20700BF054E /* Build configuration list for PBXNativeTarget "Trinity Books" */;
			buildPhases = (
				7A6733C2387D808224F8AB1D /* [CP] Check Pods Manifest.lock */,
				0086CD201E6AB20600BF054E /* Sources */,
				0086CD211E6AB20600BF054E /* Frameworks */,
				0086CD221E6AB20600BF054E /* Resources */,
				E05A42FFE4204674919E00CB /* [CP] Embed Pods Frameworks */,
				9B1395515B88998B322EAAEB /* [CP] Copy Pods Resources */,
			);
			buildRules = (
			);
			dependencies = (
			);
			name = "Trinity Books";
			productName = "Trinity Books";
			productReference = 0086CD241E6AB20600BF054E /* Trinity Books.app */;
			productType = "com.apple.product-type.application";
		};
		0086CD391E6AB20700BF054E /* Trinity BooksTests */ = {
			isa = PBXNativeTarget;
			buildConfigurationList = 0086CD511E6AB20700BF054E /* Build configuration list for PBXNativeTarget "Trinity BooksTests" */;
			buildPhases = (
				A5BB0347303BB72FDE83A9B1 /* [CP] Check Pods Manifest.lock */,
				0086CD361E6AB20700BF054E /* Sources */,
				0086CD371E6AB20700BF054E /* Frameworks */,
				0086CD381E6AB20700BF054E /* Resources */,
				7815440FFD093F852E6C64F7 /* [CP] Embed Pods Frameworks */,
				2FD3E5C78F48EBA808AA136E /* [CP] Copy Pods Resources */,
			);
			buildRules = (
			);
			dependencies = (
				0086CD3C1E6AB20700BF054E /* PBXTargetDependency */,
			);
			name = "Trinity BooksTests";
			productName = "Trinity BooksTests";
			productReference = 0086CD3A1E6AB20700BF054E /* Trinity BooksTests.xctest */;
			productType = "com.apple.product-type.bundle.unit-test";
		};
		0086CD441E6AB20700BF054E /* Trinity BooksUITests */ = {
			isa = PBXNativeTarget;
			buildConfigurationList = 0086CD541E6AB20700BF054E /* Build configuration list for PBXNativeTarget "Trinity BooksUITests" */;
			buildPhases = (
				C3155F63F73D38B1C6F82D7B /* [CP] Check Pods Manifest.lock */,
				0086CD411E6AB20700BF054E /* Sources */,
				0086CD421E6AB20700BF054E /* Frameworks */,
				0086CD431E6AB20700BF054E /* Resources */,
				AD789DB91B0C7BF7AA183E13 /* [CP] Embed Pods Frameworks */,
				87F4DA1DBFACA4AA5A4C906B /* [CP] Copy Pods Resources */,
			);
			buildRules = (
			);
			dependencies = (
				0086CD471E6AB20700BF054E /* PBXTargetDependency */,
			);
			name = "Trinity BooksUITests";
			productName = "Trinity BooksUITests";
			productReference = 0086CD451E6AB20700BF054E /* Trinity BooksUITests.xctest */;
			productType = "com.apple.product-type.bundle.ui-testing";
		};
/* End PBXNativeTarget section */

/* Begin PBXProject section */
		0086CD1C1E6AB20600BF054E /* Project object */ = {
			isa = PBXProject;
			attributes = {
				LastSwiftUpdateCheck = 0820;
				LastUpgradeCheck = 0820;
				ORGANIZATIONNAME = "Arkadiy Glushchevsky";
				TargetAttributes = {
					0086CD231E6AB20600BF054E = {
						CreatedOnToolsVersion = 8.2.1;
						LastSwiftMigration = 0820;
						ProvisioningStyle = Automatic;
					};
					0086CD391E6AB20700BF054E = {
						CreatedOnToolsVersion = 8.2.1;
						DevelopmentTeam = P2NBF8K2F9;
						ProvisioningStyle = Automatic;
						TestTargetID = 0086CD231E6AB20600BF054E;
					};
					0086CD441E6AB20700BF054E = {
						CreatedOnToolsVersion = 8.2.1;
						DevelopmentTeam = P2NBF8K2F9;
						ProvisioningStyle = Automatic;
						TestTargetID = 0086CD231E6AB20600BF054E;
					};
				};
			};
			buildConfigurationList = 0086CD1F1E6AB20600BF054E /* Build configuration list for PBXProject "Trinity Books" */;
			compatibilityVersion = "Xcode 3.2";
			developmentRegion = English;
			hasScannedForEncodings = 0;
			knownRegions = (
				en,
				Base,
			);
			mainGroup = 0086CD1B1E6AB20600BF054E;
			productRefGroup = 0086CD251E6AB20600BF054E /* Products */;
			projectDirPath = "";
			projectRoot = "";
			targets = (
				0086CD231E6AB20600BF054E /* Trinity Books */,
				0086CD391E6AB20700BF054E /* Trinity BooksTests */,
				0086CD441E6AB20700BF054E /* Trinity BooksUITests */,
			);
		};
/* End PBXProject section */

/* Begin PBXResourcesBuildPhase section */
		0086CD221E6AB20600BF054E /* Resources */ = {
			isa = PBXResourcesBuildPhase;
			buildActionMask = 2147483647;
			files = (
				0086CD341E6AB20600BF054E /* LaunchScreen.storyboard in Resources */,
				00FAF3541E6B59F10032E0E9 /* MessageCell.xib in Resources */,
				00FAF3601E6B5A3C0032E0E9 /* BookCell.xib in Resources */,
				0086CD311E6AB20600BF054E /* Assets.xcassets in Resources */,
				00FAF35B1E6B5A1F0032E0E9 /* LoadingCell.xib in Resources */,
				001D4AF41E6C6DB3003F65C8 /* Podfile in Resources */,
				0086CD2F1E6AB20600BF054E /* Main.storyboard in Resources */,
			);
			runOnlyForDeploymentPostprocessing = 0;
		};
		0086CD381E6AB20700BF054E /* Resources */ = {
			isa = PBXResourcesBuildPhase;
			buildActionMask = 2147483647;
			files = (
			);
			runOnlyForDeploymentPostprocessing = 0;
		};
		0086CD431E6AB20700BF054E /* Resources */ = {
			isa = PBXResourcesBuildPhase;
			buildActionMask = 2147483647;
			files = (
			);
			runOnlyForDeploymentPostprocessing = 0;
		};
/* End PBXResourcesBuildPhase section */

/* Begin PBXShellScriptBuildPhase section */
		2FD3E5C78F48EBA808AA136E /* [CP] Copy Pods Resources */ = {
			isa = PBXShellScriptBuildPhase;
			buildActionMask = 2147483647;
			files = (
			);
			inputPaths = (
			);
			name = "[CP] Copy Pods Resources";
			outputPaths = (
			);
			runOnlyForDeploymentPostprocessing = 0;
			shellPath = /bin/sh;
			shellScript = "\"${SRCROOT}/Pods/Target Support Files/Pods-Trinity BooksTests/Pods-Trinity BooksTests-resources.sh\"\n";
			showEnvVarsInLog = 0;
		};
		7815440FFD093F852E6C64F7 /* [CP] Embed Pods Frameworks */ = {
			isa = PBXShellScriptBuildPhase;
			buildActionMask = 2147483647;
			files = (
			);
			inputPaths = (
			);
			name = "[CP] Embed Pods Frameworks";
			outputPaths = (
			);
			runOnlyForDeploymentPostprocessing = 0;
			shellPath = /bin/sh;
			shellScript = "\"${SRCROOT}/Pods/Target Support Files/Pods-Trinity BooksTests/Pods-Trinity BooksTests-frameworks.sh\"\n";
			showEnvVarsInLog = 0;
		};
		7A6733C2387D808224F8AB1D /* [CP] Check Pods Manifest.lock */ = {
			isa = PBXShellScriptBuildPhase;
			buildActionMask = 2147483647;
			files = (
			);
			inputPaths = (
			);
			name = "[CP] Check Pods Manifest.lock";
			outputPaths = (
			);
			runOnlyForDeploymentPostprocessing = 0;
			shellPath = /bin/sh;
			shellScript = "diff \"${PODS_ROOT}/../Podfile.lock\" \"${PODS_ROOT}/Manifest.lock\" > /dev/null\nif [ $? != 0 ] ; then\n    # print error to STDERR\n    echo \"error: The sandbox is not in sync with the Podfile.lock. Run 'pod install' or update your CocoaPods installation.\" >&2\n    exit 1\nfi\n";
			showEnvVarsInLog = 0;
		};
		87F4DA1DBFACA4AA5A4C906B /* [CP] Copy Pods Resources */ = {
			isa = PBXShellScriptBuildPhase;
			buildActionMask = 2147483647;
			files = (
			);
			inputPaths = (
			);
			name = "[CP] Copy Pods Resources";
			outputPaths = (
			);
			runOnlyForDeploymentPostprocessing = 0;
			shellPath = /bin/sh;
			shellScript = "\"${SRCROOT}/Pods/Target Support Files/Pods-Trinity BooksUITests/Pods-Trinity BooksUITests-resources.sh\"\n";
			showEnvVarsInLog = 0;
		};
		9B1395515B88998B322EAAEB /* [CP] Copy Pods Resources */ = {
			isa = PBXShellScriptBuildPhase;
			buildActionMask = 2147483647;
			files = (
			);
			inputPaths = (
			);
			name = "[CP] Copy Pods Resources";
			outputPaths = (
			);
			runOnlyForDeploymentPostprocessing = 0;
			shellPath = /bin/sh;
			shellScript = "\"${SRCROOT}/Pods/Target Support Files/Pods-Trinity Books/Pods-Trinity Books-resources.sh\"\n";
			showEnvVarsInLog = 0;
		};
		A5BB0347303BB72FDE83A9B1 /* [CP] Check Pods Manifest.lock */ = {
			isa = PBXShellScriptBuildPhase;
			buildActionMask = 2147483647;
			files = (
			);
			inputPaths = (
			);
			name = "[CP] Check Pods Manifest.lock";
			outputPaths = (
			);
			runOnlyForDeploymentPostprocessing = 0;
			shellPath = /bin/sh;
			shellScript = "diff \"${PODS_ROOT}/../Podfile.lock\" \"${PODS_ROOT}/Manifest.lock\" > /dev/null\nif [ $? != 0 ] ; then\n    # print error to STDERR\n    echo \"error: The sandbox is not in sync with the Podfile.lock. Run 'pod install' or update your CocoaPods installation.\" >&2\n    exit 1\nfi\n";
			showEnvVarsInLog = 0;
		};
		AD789DB91B0C7BF7AA183E13 /* [CP] Embed Pods Frameworks */ = {
			isa = PBXShellScriptBuildPhase;
			buildActionMask = 2147483647;
			files = (
			);
			inputPaths = (
			);
			name = "[CP] Embed Pods Frameworks";
			outputPaths = (
			);
			runOnlyForDeploymentPostprocessing = 0;
			shellPath = /bin/sh;
			shellScript = "\"${SRCROOT}/Pods/Target Support Files/Pods-Trinity BooksUITests/Pods-Trinity BooksUITests-frameworks.sh\"\n";
			showEnvVarsInLog = 0;
		};
		C3155F63F73D38B1C6F82D7B /* [CP] Check Pods Manifest.lock */ = {
			isa = PBXShellScriptBuildPhase;
			buildActionMask = 2147483647;
			files = (
			);
			inputPaths = (
			);
			name = "[CP] Check Pods Manifest.lock";
			outputPaths = (
			);
			runOnlyForDeploymentPostprocessing = 0;
			shellPath = /bin/sh;
			shellScript = "diff \"${PODS_ROOT}/../Podfile.lock\" \"${PODS_ROOT}/Manifest.lock\" > /dev/null\nif [ $? != 0 ] ; then\n    # print error to STDERR\n    echo \"error: The sandbox is not in sync with the Podfile.lock. Run 'pod install' or update your CocoaPods installation.\" >&2\n    exit 1\nfi\n";
			showEnvVarsInLog = 0;
		};
		E05A42FFE4204674919E00CB /* [CP] Embed Pods Frameworks */ = {
			isa = PBXShellScriptBuildPhase;
			buildActionMask = 2147483647;
			files = (
			);
			inputPaths = (
			);
			name = "[CP] Embed Pods Frameworks";
			outputPaths = (
			);
			runOnlyForDeploymentPostprocessing = 0;
			shellPath = /bin/sh;
			shellScript = "\"${SRCROOT}/Pods/Target Support Files/Pods-Trinity Books/Pods-Trinity Books-frameworks.sh\"\n";
			showEnvVarsInLog = 0;
		};
/* End PBXShellScriptBuildPhase section */

/* Begin PBXSourcesBuildPhase section */
		0086CD201E6AB20600BF054E /* Sources */ = {
			isa = PBXSourcesBuildPhase;
			buildActionMask = 2147483647;
			files = (
				000A26A01E6EE84F004D53F2 /* CoreDataContextProvider.swift in Sources */,
				00FAF3A51E6B61490032E0E9 /* DummyBookViewModel.swift in Sources */,
				000A265B1E6E0A63004D53F2 /* RequestCall.swift in Sources */,
				000A26681E6E0D38004D53F2 /* GoogleBooksResponse.swift in Sources */,
				00FAF3621E6B5A4F0032E0E9 /* BookCell.swift in Sources */,
				00FAF3B91E6B665E0032E0E9 /* TSButton.swift in Sources */,
				000A261F1E6CC9BD004D53F2 /* Library.swift in Sources */,
				000A26A41E6EEA73004D53F2 /* OldCoreDataContextProvider.swift in Sources */,
				000A26261E6CD190004D53F2 /* DummyLibraryManager.swift in Sources */,
				000A261D1E6CC8FF004D53F2 /* TSOperationError.swift in Sources */,
				000A26621E6E0B00004D53F2 /* GoogleSearchBooksRequest.swift in Sources */,
				00FAF3491E6B559D0032E0E9 /* SearchBooksViewController.swift in Sources */,
				000A26661E6E0BE4004D53F2 /* AlamofireRequestManager.swift in Sources */,
				00696C911E6CA61400028AE7 /* Pallete.swift in Sources */,
				00FAF39B1E6B5D480032E0E9 /* AnyBooksViewModel.swift in Sources */,
				007BA6521E6CB70500860D6B /* AnyBooksProvider.swift in Sources */,
				000A26491E6DFB43004D53F2 /* StorageProvider.swift in Sources */,
				00FAF3561E6B5A000032E0E9 /* MessageCell.swift in Sources */,
				00FAF3A11E6B60960032E0E9 /* CommonInjectionPreset.swift in Sources */,
				000A26321E6D92EF004D53F2 /* BaseBooksViewController.swift in Sources */,
				000A265D1E6E0A63004D53F2 /* RequestManager.swift in Sources */,
				000A26281E6CD1AD004D53F2 /* LibraryBookViewModel.swift in Sources */,
				00FAF3A71E6B647A0032E0E9 /* SimpleMessageCellDataSource.swift in Sources */,
				00FAF39F1E6B5DD10032E0E9 /* Book.swift in Sources */,
				000A26301E6D6DDD004D53F2 /* DummyBooksProvider.swift in Sources */,
				00FAF3B71E6B665E0032E0E9 /* TSArchitectureBase.swift in Sources */,
				00FAF39D1E6B5D770032E0E9 /* AnyBookViewModel.swift in Sources */,
				00696C931E6CA67100028AE7 /* TSExtensions.swift in Sources */,
				000A26381E6DFA50004D53F2 /* UserDefaultsLibraryManager.swift in Sources */,
				000A26701E6E8E3A004D53F2 /* GoogleRequestManagerConfiguration.swift in Sources */,
				00FAF3B81E6B665E0032E0E9 /* Injector.swift in Sources */,
				000A266C1E6E0F0F004D53F2 /* GoogleBookResponseConverter.swift in Sources */,
				000A26361E6DC877004D53F2 /* SplashViewController.swift in Sources */,
				000A264B1E6DFB43004D53F2 /* UserDefaultsStorageProvider.swift in Sources */,
				000A265A1E6E0A63004D53F2 /* Request.swift in Sources */,
				000A264A1E6DFB43004D53F2 /* UbiquitousStorageProvider.swift in Sources */,
				000A26471E6DFB43004D53F2 /* DictionaryStorageProvider.swift in Sources */,
				00FAF3BB1E6B665E0032E0E9 /* TSViewEx.swift in Sources */,
				000A261B1E6CC594004D53F2 /* AnyLibraryManager.swift in Sources */,
				000A262E1E6CE7D0004D53F2 /* LibraryBooksViewModel.swift in Sources */,
				000A265F1E6E0A63004D53F2 /* ResponseResult.swift in Sources */,
				000A265E1E6E0A63004D53F2 /* Response.swift in Sources */,
				000A265C1E6E0A63004D53F2 /* RequestError.swift in Sources */,
				00FAF3BA1E6B665E0032E0E9 /* TSCollectionsViewEx.swift in Sources */,
				000A266A1E6E0DE5004D53F2 /* BooksPortion.swift in Sources */,
				00FAF34A1E6B559D0032E0E9 /* LibraryViewController.swift in Sources */,
				000A26A21E6EE881004D53F2 /* PersistentContainerCoreDataContextProvider.swift in Sources */,
				000A264E1E6E0594004D53F2 /* GoogleBooksProvider.swift in Sources */,
				000A26481E6DFB43004D53F2 /* Storage.swift in Sources */,
				000A269C1E6EBE78004D53F2 /* CoreDataLibraryManager.swift in Sources */,
				000A26451E6DFB43004D53F2 /* Archivable.swift in Sources */,
				000A26581E6E0A63004D53F2 /* DataConverters.swift in Sources */,
				000A262A1E6CE28C004D53F2 /* ProductionInjectionPreset.swift in Sources */,
				00FAF3AB1E6B65920032E0E9 /* DummyBooksViewModel.swift in Sources */,
				00696C8F1E6C9EFA00028AE7 /* BookDetailsViewController.swift in Sources */,
				000A266E1E6E12AA004D53F2 /* DataEx.swift in Sources */,
				00696C8D1E6C9ACD00028AE7 /* TSUtils.swift in Sources */,
				000A26241E6CD07F004D53F2 /* BookViewModel.swift in Sources */,
				0086CD281E6AB20600BF054E /* AppDelegate.swift in Sources */,
				00FAF3A91E6B64A50032E0E9 /* DummyInjectionPreset.swift in Sources */,
				000A26461E6DFB43004D53F2 /* BaseStorage.swift in Sources */,
				000A269A1E6EBBCF004D53F2 /* library.xcdatamodel in Sources */,
				000A26591E6E0A63004D53F2 /* MultipartRequest.swift in Sources */,
				00FAF3B61E6B665E0032E0E9 /* Identifiable.swift in Sources */,
				000A262C1E6CE665004D53F2 /* SearchBooksViewModel.swift in Sources */,
				00FAF3581E6B5A110032E0E9 /* LoadingCell.swift in Sources */,
			);
			runOnlyForDeploymentPostprocessing = 0;
		};
		0086CD361E6AB20700BF054E /* Sources */ = {
			isa = PBXSourcesBuildPhase;
			buildActionMask = 2147483647;
			files = (
				0086CD3F1E6AB20700BF054E /* Trinity_BooksTests.swift in Sources */,
			);
			runOnlyForDeploymentPostprocessing = 0;
		};
		0086CD411E6AB20700BF054E /* Sources */ = {
			isa = PBXSourcesBuildPhase;
			buildActionMask = 2147483647;
			files = (
				0086CD4A1E6AB20700BF054E /* Trinity_BooksUITests.swift in Sources */,
			);
			runOnlyForDeploymentPostprocessing = 0;
		};
/* End PBXSourcesBuildPhase section */

/* Begin PBXTargetDependency section */
		0086CD3C1E6AB20700BF054E /* PBXTargetDependency */ = {
			isa = PBXTargetDependency;
			target = 0086CD231E6AB20600BF054E /* Trinity Books */;
			targetProxy = 0086CD3B1E6AB20700BF054E /* PBXContainerItemProxy */;
		};
		0086CD471E6AB20700BF054E /* PBXTargetDependency */ = {
			isa = PBXTargetDependency;
			target = 0086CD231E6AB20600BF054E /* Trinity Books */;
			targetProxy = 0086CD461E6AB20700BF054E /* PBXContainerItemProxy */;
		};
/* End PBXTargetDependency section */

/* Begin PBXVariantGroup section */
		0086CD2D1E6AB20600BF054E /* Main.storyboard */ = {
			isa = PBXVariantGroup;
			children = (
				0086CD2E1E6AB20600BF054E /* Base */,
			);
			name = Main.storyboard;
			sourceTree = "<group>";
		};
		0086CD321E6AB20600BF054E /* LaunchScreen.storyboard */ = {
			isa = PBXVariantGroup;
			children = (
				0086CD331E6AB20600BF054E /* Base */,
			);
			name = LaunchScreen.storyboard;
			sourceTree = "<group>";
		};
		00FAF3521E6B59F10032E0E9 /* MessageCell.xib */ = {
			isa = PBXVariantGroup;
			children = (
				00FAF3531E6B59F10032E0E9 /* Base */,
			);
			name = MessageCell.xib;
			sourceTree = "<group>";
		};
		00FAF3591E6B5A1F0032E0E9 /* LoadingCell.xib */ = {
			isa = PBXVariantGroup;
			children = (
				00FAF35A1E6B5A1F0032E0E9 /* Base */,
			);
			name = LoadingCell.xib;
			sourceTree = "<group>";
		};
		00FAF35E1E6B5A3C0032E0E9 /* BookCell.xib */ = {
			isa = PBXVariantGroup;
			children = (
				00FAF35F1E6B5A3C0032E0E9 /* Base */,
			);
			name = BookCell.xib;
			sourceTree = "<group>";
		};
/* End PBXVariantGroup section */

/* Begin XCBuildConfiguration section */
		0086CD4C1E6AB20700BF054E /* Debug */ = {
			isa = XCBuildConfiguration;
			buildSettings = {
				ALWAYS_SEARCH_USER_PATHS = NO;
				CLANG_ANALYZER_NONNULL = YES;
				CLANG_CXX_LANGUAGE_STANDARD = "gnu++0x";
				CLANG_CXX_LIBRARY = "libc++";
				CLANG_ENABLE_MODULES = YES;
				CLANG_ENABLE_OBJC_ARC = YES;
				CLANG_WARN_BOOL_CONVERSION = YES;
				CLANG_WARN_CONSTANT_CONVERSION = YES;
				CLANG_WARN_DIRECT_OBJC_ISA_USAGE = YES_ERROR;
				CLANG_WARN_DOCUMENTATION_COMMENTS = YES;
				CLANG_WARN_EMPTY_BODY = YES;
				CLANG_WARN_ENUM_CONVERSION = YES;
				CLANG_WARN_INFINITE_RECURSION = YES;
				CLANG_WARN_INT_CONVERSION = YES;
				CLANG_WARN_OBJC_ROOT_CLASS = YES_ERROR;
				CLANG_WARN_SUSPICIOUS_MOVE = YES;
				CLANG_WARN_UNREACHABLE_CODE = YES;
				CLANG_WARN__DUPLICATE_METHOD_MATCH = YES;
				"CODE_SIGN_IDENTITY[sdk=iphoneos*]" = "iPhone Developer";
				COPY_PHASE_STRIP = NO;
				DEBUG_INFORMATION_FORMAT = dwarf;
				ENABLE_STRICT_OBJC_MSGSEND = YES;
				ENABLE_TESTABILITY = YES;
				GCC_C_LANGUAGE_STANDARD = gnu99;
				GCC_DYNAMIC_NO_PIC = NO;
				GCC_NO_COMMON_BLOCKS = YES;
				GCC_OPTIMIZATION_LEVEL = 0;
				GCC_PREPROCESSOR_DEFINITIONS = (
					"DEBUG=1",
					"$(inherited)",
				);
				GCC_WARN_64_TO_32_BIT_CONVERSION = YES;
				GCC_WARN_ABOUT_RETURN_TYPE = YES_ERROR;
				GCC_WARN_UNDECLARED_SELECTOR = YES;
				GCC_WARN_UNINITIALIZED_AUTOS = YES_AGGRESSIVE;
				GCC_WARN_UNUSED_FUNCTION = YES;
				GCC_WARN_UNUSED_VARIABLE = YES;
				IPHONEOS_DEPLOYMENT_TARGET = 10.2;
				MTL_ENABLE_DEBUG_INFO = YES;
				ONLY_ACTIVE_ARCH = YES;
				SDKROOT = iphoneos;
				SWIFT_ACTIVE_COMPILATION_CONDITIONS = DEBUG;
				SWIFT_OPTIMIZATION_LEVEL = "-Onone";
				TARGETED_DEVICE_FAMILY = "1,2";
			};
			name = Debug;
		};
		0086CD4D1E6AB20700BF054E /* Release */ = {
			isa = XCBuildConfiguration;
			buildSettings = {
				ALWAYS_SEARCH_USER_PATHS = NO;
				CLANG_ANALYZER_NONNULL = YES;
				CLANG_CXX_LANGUAGE_STANDARD = "gnu++0x";
				CLANG_CXX_LIBRARY = "libc++";
				CLANG_ENABLE_MODULES = YES;
				CLANG_ENABLE_OBJC_ARC = YES;
				CLANG_WARN_BOOL_CONVERSION = YES;
				CLANG_WARN_CONSTANT_CONVERSION = YES;
				CLANG_WARN_DIRECT_OBJC_ISA_USAGE = YES_ERROR;
				CLANG_WARN_DOCUMENTATION_COMMENTS = YES;
				CLANG_WARN_EMPTY_BODY = YES;
				CLANG_WARN_ENUM_CONVERSION = YES;
				CLANG_WARN_INFINITE_RECURSION = YES;
				CLANG_WARN_INT_CONVERSION = YES;
				CLANG_WARN_OBJC_ROOT_CLASS = YES_ERROR;
				CLANG_WARN_SUSPICIOUS_MOVE = YES;
				CLANG_WARN_UNREACHABLE_CODE = YES;
				CLANG_WARN__DUPLICATE_METHOD_MATCH = YES;
				"CODE_SIGN_IDENTITY[sdk=iphoneos*]" = "iPhone Developer";
				COPY_PHASE_STRIP = NO;
				DEBUG_INFORMATION_FORMAT = "dwarf-with-dsym";
				ENABLE_NS_ASSERTIONS = NO;
				ENABLE_STRICT_OBJC_MSGSEND = YES;
				GCC_C_LANGUAGE_STANDARD = gnu99;
				GCC_NO_COMMON_BLOCKS = YES;
				GCC_WARN_64_TO_32_BIT_CONVERSION = YES;
				GCC_WARN_ABOUT_RETURN_TYPE = YES_ERROR;
				GCC_WARN_UNDECLARED_SELECTOR = YES;
				GCC_WARN_UNINITIALIZED_AUTOS = YES_AGGRESSIVE;
				GCC_WARN_UNUSED_FUNCTION = YES;
				GCC_WARN_UNUSED_VARIABLE = YES;
				IPHONEOS_DEPLOYMENT_TARGET = 10.2;
				MTL_ENABLE_DEBUG_INFO = NO;
				SDKROOT = iphoneos;
				SWIFT_OPTIMIZATION_LEVEL = "-Owholemodule";
				TARGETED_DEVICE_FAMILY = "1,2";
				VALIDATE_PRODUCT = YES;
			};
			name = Release;
		};
		0086CD4F1E6AB20700BF054E /* Debug */ = {
			isa = XCBuildConfiguration;
			baseConfigurationReference = 57B7AE94EB70FACF9E104996 /* Pods-Trinity Books.debug.xcconfig */;
			buildSettings = {
				ASSETCATALOG_COMPILER_APPICON_NAME = AppIcon;
				"CODE_SIGN_IDENTITY[sdk=iphoneos*]" = "iPhone Developer";
				DEVELOPMENT_TEAM = "";
				INFOPLIST_FILE = "Trinity Books/Info.plist";
				IPHONEOS_DEPLOYMENT_TARGET = 8.0;
				LD_RUNPATH_SEARCH_PATHS = "$(inherited) @executable_path/Frameworks";
				PRODUCT_BUNDLE_IDENTIFIER = com.adya.trinitybooks;
				PRODUCT_NAME = "$(TARGET_NAME)";
				SWIFT_VERSION = 3.0;
			};
			name = Debug;
		};
		0086CD501E6AB20700BF054E /* Release */ = {
			isa = XCBuildConfiguration;
			baseConfigurationReference = F8D5ED2B3D8C4F4741D942BB /* Pods-Trinity Books.release.xcconfig */;
			buildSettings = {
				ASSETCATALOG_COMPILER_APPICON_NAME = AppIcon;
				"CODE_SIGN_IDENTITY[sdk=iphoneos*]" = "iPhone Developer";
				DEVELOPMENT_TEAM = "";
				INFOPLIST_FILE = "Trinity Books/Info.plist";
				IPHONEOS_DEPLOYMENT_TARGET = 8.0;
				LD_RUNPATH_SEARCH_PATHS = "$(inherited) @executable_path/Frameworks";
				PRODUCT_BUNDLE_IDENTIFIER = com.adya.trinitybooks;
				PRODUCT_NAME = "$(TARGET_NAME)";
				SWIFT_VERSION = 3.0;
			};
			name = Release;
		};
		0086CD521E6AB20700BF054E /* Debug */ = {
			isa = XCBuildConfiguration;
			baseConfigurationReference = 031577EC5D84EB53BD281855 /* Pods-Trinity BooksTests.debug.xcconfig */;
			buildSettings = {
				ALWAYS_EMBED_SWIFT_STANDARD_LIBRARIES = YES;
				BUNDLE_LOADER = "$(TEST_HOST)";
				DEVELOPMENT_TEAM = P2NBF8K2F9;
				INFOPLIST_FILE = "Trinity BooksTests/Info.plist";
				LD_RUNPATH_SEARCH_PATHS = "$(inherited) @executable_path/Frameworks @loader_path/Frameworks";
				PRODUCT_BUNDLE_IDENTIFIER = "com.adya.Trinity-BooksTests";
				PRODUCT_NAME = "$(TARGET_NAME)";
				SWIFT_VERSION = 3.0;
				TEST_HOST = "$(BUILT_PRODUCTS_DIR)/Trinity Books.app/Trinity Books";
			};
			name = Debug;
		};
		0086CD531E6AB20700BF054E /* Release */ = {
			isa = XCBuildConfiguration;
			baseConfigurationReference = AE95F5A5B567ED849BCCB670 /* Pods-Trinity BooksTests.release.xcconfig */;
			buildSettings = {
				ALWAYS_EMBED_SWIFT_STANDARD_LIBRARIES = YES;
				BUNDLE_LOADER = "$(TEST_HOST)";
				DEVELOPMENT_TEAM = P2NBF8K2F9;
				INFOPLIST_FILE = "Trinity BooksTests/Info.plist";
				LD_RUNPATH_SEARCH_PATHS = "$(inherited) @executable_path/Frameworks @loader_path/Frameworks";
				PRODUCT_BUNDLE_IDENTIFIER = "com.adya.Trinity-BooksTests";
				PRODUCT_NAME = "$(TARGET_NAME)";
				SWIFT_VERSION = 3.0;
				TEST_HOST = "$(BUILT_PRODUCTS_DIR)/Trinity Books.app/Trinity Books";
			};
			name = Release;
		};
		0086CD551E6AB20700BF054E /* Debug */ = {
			isa = XCBuildConfiguration;
			baseConfigurationReference = 0681F4C74B344B30582188D2 /* Pods-Trinity BooksUITests.debug.xcconfig */;
			buildSettings = {
				ALWAYS_EMBED_SWIFT_STANDARD_LIBRARIES = YES;
				DEVELOPMENT_TEAM = P2NBF8K2F9;
				INFOPLIST_FILE = "Trinity BooksUITests/Info.plist";
				LD_RUNPATH_SEARCH_PATHS = "$(inherited) @executable_path/Frameworks @loader_path/Frameworks";
				PRODUCT_BUNDLE_IDENTIFIER = "com.adya.Trinity-BooksUITests";
				PRODUCT_NAME = "$(TARGET_NAME)";
				SWIFT_VERSION = 3.0;
				TEST_TARGET_NAME = "Trinity Books";
			};
			name = Debug;
		};
		0086CD561E6AB20700BF054E /* Release */ = {
			isa = XCBuildConfiguration;
			baseConfigurationReference = 0CA21AE0F6C14075945EB014 /* Pods-Trinity BooksUITests.release.xcconfig */;
			buildSettings = {
				ALWAYS_EMBED_SWIFT_STANDARD_LIBRARIES = YES;
				DEVELOPMENT_TEAM = P2NBF8K2F9;
				INFOPLIST_FILE = "Trinity BooksUITests/Info.plist";
				LD_RUNPATH_SEARCH_PATHS = "$(inherited) @executable_path/Frameworks @loader_path/Frameworks";
				PRODUCT_BUNDLE_IDENTIFIER = "com.adya.Trinity-BooksUITests";
				PRODUCT_NAME = "$(TARGET_NAME)";
				SWIFT_VERSION = 3.0;
				TEST_TARGET_NAME = "Trinity Books";
			};
			name = Release;
		};
/* End XCBuildConfiguration section */

/* Begin XCConfigurationList section */
		0086CD1F1E6AB20600BF054E /* Build configuration list for PBXProject "Trinity Books" */ = {
			isa = XCConfigurationList;
			buildConfigurations = (
				0086CD4C1E6AB20700BF054E /* Debug */,
				0086CD4D1E6AB20700BF054E /* Release */,
			);
			defaultConfigurationIsVisible = 0;
			defaultConfigurationName = Release;
		};
		0086CD4E1E6AB20700BF054E /* Build configuration list for PBXNativeTarget "Trinity Books" */ = {
			isa = XCConfigurationList;
			buildConfigurations = (
				0086CD4F1E6AB20700BF054E /* Debug */,
				0086CD501E6AB20700BF054E /* Release */,
			);
			defaultConfigurationIsVisible = 0;
			defaultConfigurationName = Release;
		};
		0086CD511E6AB20700BF054E /* Build configuration list for PBXNativeTarget "Trinity BooksTests" */ = {
			isa = XCConfigurationList;
			buildConfigurations = (
				0086CD521E6AB20700BF054E /* Debug */,
				0086CD531E6AB20700BF054E /* Release */,
			);
			defaultConfigurationIsVisible = 0;
			defaultConfigurationName = Release;
		};
		0086CD541E6AB20700BF054E /* Build configuration list for PBXNativeTarget "Trinity BooksUITests" */ = {
			isa = XCConfigurationList;
			buildConfigurations = (
				0086CD551E6AB20700BF054E /* Debug */,
				0086CD561E6AB20700BF054E /* Release */,
			);
			defaultConfigurationIsVisible = 0;
			defaultConfigurationName = Release;
		};
/* End XCConfigurationList section */
	};
	rootObject = 0086CD1C1E6AB20600BF054E /* Project object */;
}
